
Microsoft Visual Studio Solution File, Format Version 12.00
# Visual Studio Version 17
VisualStudioVersion = 17.6.33829.357
MinimumVisualStudioVersion = 10.0.40219.1
Project("{FAE04EC0-301F-11D3-BF4B-00C04F79EFBC}") = "LagrangeSimpleQQ", "LagrangeSimpleQQ.csproj", "{969711D7-E64D-4F25-B489-E8BFB95A8893}"
EndProject
Global
	GlobalSection(SolutionConfigurationPlatforms) = preSolution
		Debug|Any CPU = Debug|Any CPU
		Release|Any CPU = Release|Any CPU
	EndGlobalSection
	GlobalSection(ProjectConfigurationPlatforms) = postSolution
		{969711D7-E64D-4F25-B489-E8BFB95A8893}.Debug|Any CPU.ActiveCfg = Debug|Any CPU
		{969711D7-E64D-4F25-B489-E8BFB95A8893}.Debug|Any CPU.Build.0 = Debug|Any CPU
		{969711D7-E64D-4F25-B489-E8BFB95A8893}.Release|Any CPU.ActiveCfg = Release|Any CPU
		{969711D7-E64D-4F25-B489-E8BFB95A8893}.Release|Any CPU.Build.0 = Release|Any CPU
	EndGlobalSection
	GlobalSection(SolutionProperties) = preSolution
		HideSolutionNode = FALSE
	EndGlobalSection
	GlobalSection(ExtensibilityGlobals) = postSolution
		SolutionGuid = {53F35B36-5514-493A-9B74-40001BBFA754}
	EndGlobalSection
EndGlobal
